{
  "name": "js-sdk",
  "version": "1.0.0",
  "lockfileVersion": 2,
  "requires": true,
  "packages": {
    "": {
      "name": "js-sdk",
      "version": "1.0.0",
      "license": "ISC",
      "dependencies": {
        "apimatic-calculatorl...": "C/Users/wajah/APIMATICCalculator"
      }
    },
    "C/Users/wajah/APIMATICCalculator": {},
    "node_modules/apimatic-calculatorl...": {
      "resolved": "C/Users/wajah/APIMATICCalculator",
      "link": true
    }
  },
  "dependencies": {
    "apimatic-calculatorl...": {
      "version": "file:C/Users/wajah/APIMATICCalculator"
    }
  }
}
